
Microsoft Visual Studio Solution File, Format Version 12.00
# Visual Studio 14
VisualStudioVersion = 14.0.23107.0
MinimumVisualStudioVersion = 10.0.40219.1
Project("{FAE04EC0-301F-11D3-BF4B-00C04F79EFBC}") = "SCAS", "IITM\SCAS.csproj", "{78421897-1B99-40E2-90F8-0BBE260AAE10}"
EndProject
Global
	GlobalSection(SolutionConfigurationPlatforms) = preSolution
		Debug|Any CPU = Debug|Any CPU
		Release|Any CPU = Release|Any CPU
	EndGlobalSection
	GlobalSection(ProjectConfigurationPlatforms) = postSolution
		{78421897-1B99-40E2-90F8-0BBE260AAE10}.Debug|Any CPU.ActiveCfg = Debug|Any CPU
		{78421897-1B99-40E2-90F8-0BBE260AAE10}.Debug|Any CPU.Build.0 = Debug|Any CPU
		{78421897-1B99-40E2-90F8-0BBE260AAE10}.Release|Any CPU.ActiveCfg = Release|Any CPU
		{78421897-1B99-40E2-90F8-0BBE260AAE10}.Release|Any CPU.Build.0 = Release|Any CPU
	EndGlobalSection
	GlobalSection(SolutionProperties) = preSolution
		HideSolutionNode = FALSE
	EndGlobalSection
	GlobalSection(ExtensibilityGlobals) = postSolution
		SolutionGuid = {718F72CB-5FBD-4958-BAEB-0BBCCE89E0F5}
	EndGlobalSection
EndGlobal
